
Microsoft Visual Studio Solution File, Format Version 12.00
Project("{FAE04EC0-301F-11D3-BF4B-00C04F79EFBC}") = "taxxad-whats-bot", "taxxad-whats-bot\taxxad-whats-bot.csproj", "{68D6CDE7-0196-4D7F-BEFA-DA57B01A314D}"
EndProject
Global
	GlobalSection(SolutionConfigurationPlatforms) = preSolution
		Debug|Any CPU = Debug|Any CPU
		Release|Any CPU = Release|Any CPU
	EndGlobalSection
	GlobalSection(ProjectConfigurationPlatforms) = postSolution
		{68D6CDE7-0196-4D7F-BEFA-DA57B01A314D}.Debug|Any CPU.ActiveCfg = Debug|Any CPU
		{68D6CDE7-0196-4D7F-BEFA-DA57B01A314D}.Debug|Any CPU.Build.0 = Debug|Any CPU
		{68D6CDE7-0196-4D7F-BEFA-DA57B01A314D}.Release|Any CPU.ActiveCfg = Release|Any CPU
		{68D6CDE7-0196-4D7F-BEFA-DA57B01A314D}.Release|Any CPU.Build.0 = Release|Any CPU
	EndGlobalSection
EndGlobal
